
Microsoft Visual Studio Solution File, Format Version 12.00
# Visual Studio Version 17
VisualStudioVersion = 17.4.33213.308
MinimumVisualStudioVersion = 10.0.40219.1
Project("{FAE04EC0-301F-11D3-BF4B-00C04F79EFBC}") = "Creating Class", "Creating Class\Creating Class.csproj", "{40004467-C390-402C-83D4-A7EF7BD26867}"
EndProject
Global
	GlobalSection(SolutionConfigurationPlatforms) = preSolution
		Debug|Any CPU = Debug|Any CPU
		Release|Any CPU = Release|Any CPU
	EndGlobalSection
	GlobalSection(ProjectConfigurationPlatforms) = postSolution
		{40004467-C390-402C-83D4-A7EF7BD26867}.Debug|Any CPU.ActiveCfg = Debug|Any CPU
		{40004467-C390-402C-83D4-A7EF7BD26867}.Debug|Any CPU.Build.0 = Debug|Any CPU
		{40004467-C390-402C-83D4-A7EF7BD26867}.Release|Any CPU.ActiveCfg = Release|Any CPU
		{40004467-C390-402C-83D4-A7EF7BD26867}.Release|Any CPU.Build.0 = Release|Any CPU
	EndGlobalSection
	GlobalSection(SolutionProperties) = preSolution
		HideSolutionNode = FALSE
	EndGlobalSection
	GlobalSection(ExtensibilityGlobals) = postSolution
		SolutionGuid = {82B9CF7B-88F8-40ED-98F1-3F469EF57F4A}
	EndGlobalSection
EndGlobal
